
Microsoft Visual Studio Solution File, Format Version 12.00
# Visual Studio Version 17
VisualStudioVersion = 17.9.34728.123
MinimumVisualStudioVersion = 10.0.40219.1
Project("{2150E333-8FDC-42A3-9474-1A3956D46DE8}") = "src", "src", "{E6371D7F-1C96-4180-B426-4EFB4BF961A5}"
EndProject
Project("{2150E333-8FDC-42A3-9474-1A3956D46DE8}") = "test", "test", "{341E4790-969A-4D1A-BD94-AEEAC25632B0}"
EndProject
Project("{2150E333-8FDC-42A3-9474-1A3956D46DE8}") = "Infra", "Infra", "{0A443FF2-D227-4976-88EE-C878EAA7B282}"
EndProject
Project("{2150E333-8FDC-42A3-9474-1A3956D46DE8}") = "Api", "Api", "{BD24FF5F-D262-4798-92CF-114BCF57E2BC}"
EndProject
Project("{2150E333-8FDC-42A3-9474-1A3956D46DE8}") = "Core", "Core", "{2686A289-E3C3-47A7-8C86-72FDCA586461}"
EndProject
Project("{FAE04EC0-301F-11D3-BF4B-00C04F79EFBC}") = "SMS_Auth.Api", "SMS_Auth.Api\SMS_Auth.Api.csproj", "{E41C562B-A985-4499-A10F-67BA6526EAD1}"
EndProject
Project("{FAE04EC0-301F-11D3-BF4B-00C04F79EFBC}") = "SMS_Auth.Application", "SMS_Auth.Application\SMS_Auth.Application.csproj", "{C38776F6-4E3A-4426-8B9A-2710435728EF}"
EndProject
Project("{FAE04EC0-301F-11D3-BF4B-00C04F79EFBC}") = "SMS_Auth.Infrastructure", "SMS_Auth.Infrastructure\SMS_Auth.Infrastructure.csproj", "{3B7F33A8-2FF7-4E6E-A83C-02748EBB1615}"
EndProject
Project("{FAE04EC0-301F-11D3-BF4B-00C04F79EFBC}") = "SMS_Auth.Domain", "SMS_Auth.Domain\SMS_Auth.Domain.csproj", "{67B60CC8-6D1F-4453-A190-0748B9AF6184}"
EndProject
Global
	GlobalSection(SolutionConfigurationPlatforms) = preSolution
		Debug|Any CPU = Debug|Any CPU
		Release|Any CPU = Release|Any CPU
	EndGlobalSection
	GlobalSection(ProjectConfigurationPlatforms) = postSolution
		{E41C562B-A985-4499-A10F-67BA6526EAD1}.Debug|Any CPU.ActiveCfg = Debug|Any CPU
		{E41C562B-A985-4499-A10F-67BA6526EAD1}.Debug|Any CPU.Build.0 = Debug|Any CPU
		{E41C562B-A985-4499-A10F-67BA6526EAD1}.Release|Any CPU.ActiveCfg = Release|Any CPU
		{E41C562B-A985-4499-A10F-67BA6526EAD1}.Release|Any CPU.Build.0 = Release|Any CPU
		{C38776F6-4E3A-4426-8B9A-2710435728EF}.Debug|Any CPU.ActiveCfg = Debug|Any CPU
		{C38776F6-4E3A-4426-8B9A-2710435728EF}.Debug|Any CPU.Build.0 = Debug|Any CPU
		{C38776F6-4E3A-4426-8B9A-2710435728EF}.Release|Any CPU.ActiveCfg = Release|Any CPU
		{C38776F6-4E3A-4426-8B9A-2710435728EF}.Release|Any CPU.Build.0 = Release|Any CPU
		{3B7F33A8-2FF7-4E6E-A83C-02748EBB1615}.Debug|Any CPU.ActiveCfg = Debug|Any CPU
		{3B7F33A8-2FF7-4E6E-A83C-02748EBB1615}.Debug|Any CPU.Build.0 = Debug|Any CPU
		{3B7F33A8-2FF7-4E6E-A83C-02748EBB1615}.Release|Any CPU.ActiveCfg = Release|Any CPU
		{3B7F33A8-2FF7-4E6E-A83C-02748EBB1615}.Release|Any CPU.Build.0 = Release|Any CPU
		{67B60CC8-6D1F-4453-A190-0748B9AF6184}.Debug|Any CPU.ActiveCfg = Debug|Any CPU
		{67B60CC8-6D1F-4453-A190-0748B9AF6184}.Debug|Any CPU.Build.0 = Debug|Any CPU
		{67B60CC8-6D1F-4453-A190-0748B9AF6184}.Release|Any CPU.ActiveCfg = Release|Any CPU
		{67B60CC8-6D1F-4453-A190-0748B9AF6184}.Release|Any CPU.Build.0 = Release|Any CPU
	EndGlobalSection
	GlobalSection(SolutionProperties) = preSolution
		HideSolutionNode = FALSE
	EndGlobalSection
	GlobalSection(NestedProjects) = preSolution
		{0A443FF2-D227-4976-88EE-C878EAA7B282} = {E6371D7F-1C96-4180-B426-4EFB4BF961A5}
		{BD24FF5F-D262-4798-92CF-114BCF57E2BC} = {E6371D7F-1C96-4180-B426-4EFB4BF961A5}
		{2686A289-E3C3-47A7-8C86-72FDCA586461} = {E6371D7F-1C96-4180-B426-4EFB4BF961A5}
		{E41C562B-A985-4499-A10F-67BA6526EAD1} = {BD24FF5F-D262-4798-92CF-114BCF57E2BC}
		{C38776F6-4E3A-4426-8B9A-2710435728EF} = {2686A289-E3C3-47A7-8C86-72FDCA586461}
		{3B7F33A8-2FF7-4E6E-A83C-02748EBB1615} = {0A443FF2-D227-4976-88EE-C878EAA7B282}
		{67B60CC8-6D1F-4453-A190-0748B9AF6184} = {2686A289-E3C3-47A7-8C86-72FDCA586461}
	EndGlobalSection
	GlobalSection(ExtensibilityGlobals) = postSolution
		SolutionGuid = {C99C3825-9854-4AC4-B276-F037067F84C2}
	EndGlobalSection
EndGlobal
